
Microsoft Visual Studio Solution File, Format Version 12.00
# Visual Studio Version 16
VisualStudioVersion = 16.0.29613.14
MinimumVisualStudioVersion = 10.0.40219.1
Project("{FAE04EC0-301F-11D3-BF4B-00C04F79EFBC}") = "remake", "remake\remake.csproj", "{0116E115-EA25-4364-88D4-565884907C7F}"
EndProject
Global
	GlobalSection(SolutionConfigurationPlatforms) = preSolution
		Debug|Any CPU = Debug|Any CPU
		Release|Any CPU = Release|Any CPU
	EndGlobalSection
	GlobalSection(ProjectConfigurationPlatforms) = postSolution
		{0116E115-EA25-4364-88D4-565884907C7F}.Debug|Any CPU.ActiveCfg = Debug|Any CPU
		{0116E115-EA25-4364-88D4-565884907C7F}.Debug|Any CPU.Build.0 = Debug|Any CPU
		{0116E115-EA25-4364-88D4-565884907C7F}.Release|Any CPU.ActiveCfg = Release|Any CPU
		{0116E115-EA25-4364-88D4-565884907C7F}.Release|Any CPU.Build.0 = Release|Any CPU
	EndGlobalSection
	GlobalSection(SolutionProperties) = preSolution
		HideSolutionNode = FALSE
	EndGlobalSection
	GlobalSection(ExtensibilityGlobals) = postSolution
		SolutionGuid = {4EC505B9-D690-4EFD-8B88-0CF44010F4FE}
	EndGlobalSection
EndGlobal
